NeoBundleLock JavaImp.vim 0b5583bc270a2272fe0a0e9e35fdd0aca2019f70
NeoBundleLock cl-neovim 4b817fc2ff121b7a7dc46fc9df669f43956b7304
NeoBundleLock i3-vim-syntax a74c9bc79bc714b4b0206e872540c392dd273d8d
NeoBundleLock neobundle.vim c6fa48cd665071b7a4dbf5ab53f48cd5884716ee
NeoBundleLock nerdtree a9ab90198be0581fe961125bba3f282a666ef7ff
NeoBundleLock slimv e7e4ceb85745dae06833edf27e162ad144824ef0
NeoBundleLock swift.vim 8b4df13154d2b738e2af894751e495f9150a7342
NeoBundleLock syntastic 159900a1a2d3db2c4d3757f1085f377c6e59ac02
NeoBundleLock vim-slime 65201427e125f8dc29ae434b7897e1eb854276ab
